// !$*UTF8*$!
{
	archiveVersion = 1;
	classes = {
	};
	objectVersion = 46;
	objects = {

/* Begin PBXBuildFile section */
		794E4DAD1E9D08A100693610 /* AppDelegate.swift in Sources */ = {isa = PBXBuildFile; fileRef = 794E4DAC1E9D08A100693610 /* AppDelegate.swift */; };
		794E4DAF1E9D08A100693610 /* ViewController.swift in Sources */ = {isa = PBXBuildFile; fileRef = 794E4DAE1E9D08A100693610 /* ViewController.swift */; };
		794E4DB21E9D08A100693610 /* Main.storyboard in Resources */ = {isa = PBXBuildFile; fileRef = 794E4DB01E9D08A100693610 /* Main.storyboard */; };
		794E4DB41E9D08A100693610 /* Assets.xcassets in Resources */ = {isa = PBXBuildFile; fileRef = 794E4DB31E9D08A100693610 /* Assets.xcassets */; };
		794E4DB71E9D08A100693610 /* LaunchScreen.storyboard in Resources */ = {isa = PBXBuildFile; fileRef = 794E4DB51E9D08A100693610 /* LaunchScreen.storyboard */; };
		794E4DBF1E9D09A500693610 /* FirstTabViewController.swift in Sources */ = {isa = PBXBuildFile; fileRef = 794E4DBE1E9D09A500693610 /* FirstTabViewController.swift */; };
		794E4DC11E9D0A0400693610 /* First.storyboard in Resources */ = {isa = PBXBuildFile; fileRef = 794E4DC01E9D0A0400693610 /* First.storyboard */; };
		794E4DC31E9D0BA800693610 /* Second.storyboard in Resources */ = {isa = PBXBuildFile; fileRef = 794E4DC21E9D0BA800693610 /* Second.storyboard */; };
		794E4DC51E9D0BDC00693610 /* SecondTabViewController.swift in Sources */ = {isa = PBXBuildFile; fileRef = 794E4DC41E9D0BDC00693610 /* SecondTabViewController.swift */; };
/* End PBXBuildFile section */

/* Begin PBXFileReference section */
		794E4DA91E9D08A000693610 /* tabbar-separeted-storyboard.app */ = {isa = PBXFileReference; explicitFileType = wrapper.application; includeInIndex = 0; path = "tabbar-separeted-storyboard.app"; sourceTree = BUILT_PRODUCTS_DIR; };
		794E4DAC1E9D08A100693610 /* AppDelegate.swift */ = {isa = PBXFileReference; lastKnownFileType = sourcecode.swift; path = AppDelegate.swift; sourceTree = "<group>"; };
		794E4DAE1E9D08A100693610 /* ViewController.swift */ = {isa = PBXFileReference; lastKnownFileType = sourcecode.swift; path = ViewController.swift; sourceTree = "<group>"; };
		794E4DB11E9D08A100693610 /* Base */ = {isa = PBXFileReference; lastKnownFileType = file.storyboard; name = Base; path = Base.lproj/Main.storyboard; sourceTree = "<group>"; };
		794E4DB31E9D08A100693610 /* Assets.xcassets */ = {isa = PBXFileReference; lastKnownFileType = folder.assetcatalog; path = Assets.xcassets; sourceTree = "<group>"; };
		794E4DB61E9D08A100693610 /* Base */ = {isa = PBXFileReference; lastKnownFileType = file.storyboard; name = Base; path = Base.lproj/LaunchScreen.storyboard; sourceTree = "<group>"; };
		794E4DB81E9D08A100693610 /* Info.plist */ = {isa = PBXFileReference; lastKnownFileType = text.plist.xml; path = Info.plist; sourceTree = "<group>"; };
		794E4DBE1E9D09A500693610 /* FirstTabViewController.swift */ = {isa = PBXFileReference; fileEncoding = 4; lastKnownFileType = sourcecode.swift; path = FirstTabViewController.swift; sourceTree = "<group>"; };
		794E4DC01E9D0A0400693610 /* First.storyboard */ = {isa = PBXFileReference; fileEncoding = 4; lastKnownFileType = file.storyboard; path = First.storyboard; sourceTree = "<group>"; };
		794E4DC21E9D0BA800693610 /* Second.storyboard */ = {isa = PBXFileReference; fileEncoding = 4; lastKnownFileType = file.storyboard; path = Second.storyboard; sourceTree = "<group>"; };
		794E4DC41E9D0BDC00693610 /* SecondTabViewController.swift */ = {isa = PBXFileReference; fileEncoding = 4; lastKnownFileType = sourcecode.swift; path = SecondTabViewController.swift; sourceTree = "<group>"; };
/* End PBXFileReference section */

/* Begin PBXFrameworksBuildPhase section */
		794E4DA61E9D08A000693610 /* Frameworks */ = {
			isa = PBXFrameworksBuildPhase;
			buildActionMask = 2147483647;
			files = (
			);
			runOnlyForDeploymentPostprocessing = 0;
		};
/* End PBXFrameworksBuildPhase section */

/* Begin PBXGroup section */
		794E4DA01E9D089F00693610 = {
			isa = PBXGroup;
			children = (
				794E4DAB1E9D08A000693610 /* tabbar-separeted-storyboard */,
				794E4DAA1E9D08A000693610 /* Products */,
			);
			sourceTree = "<group>";
		};
		794E4DAA1E9D08A000693610 /* Products */ = {
			isa = PBXGroup;
			children = (
				794E4DA91E9D08A000693610 /* tabbar-separeted-storyboard.app */,
			);
			name = Products;
			sourceTree = "<group>";
		};
		794E4DAB1E9D08A000693610 /* tabbar-separeted-storyboard */ = {
			isa = PBXGroup;
			children = (
				794E4DAC1E9D08A100693610 /* AppDelegate.swift */,
				794E4DAE1E9D08A100693610 /* ViewController.swift */,
				794E4DB01E9D08A100693610 /* Main.storyboard */,
				794E4DB31E9D08A100693610 /* Assets.xcassets */,
				794E4DB51E9D08A100693610 /* LaunchScreen.storyboard */,
				794E4DB81E9D08A100693610 /* Info.plist */,
				794E4DBE1E9D09A500693610 /* FirstTabViewController.swift */,
				794E4DC01E9D0A0400693610 /* First.storyboard */,
				794E4DC21E9D0BA800693610 /* Second.storyboard */,
				794E4DC41E9D0BDC00693610 /* SecondTabViewController.swift */,
			);
			path = "tabbar-separeted-storyboard";
			sourceTree = "<group>";
		};
/* End PBXGroup section */

/* Begin PBXNativeTarget section */
		794E4DA81E9D08A000693610 /* tabbar-separeted-storyboard */ = {
			isa = PBXNativeTarget;
			buildConfigurationList = 794E4DBB1E9D08A100693610 /* Build configuration list for PBXNativeTarget "tabbar-separeted-storyboard" */;
			buildPhases = (
				794E4DA51E9D08A000693610 /* Sources */,
				794E4DA61E9D08A000693610 /* Frameworks */,
				794E4DA71E9D08A000693610 /* Resources */,
			);
			buildRules = (
			);
			dependencies = (
			);
			name = "tabbar-separeted-storyboard";
			productName = "tabbar-separeted-storyboard";
			productReference = 794E4DA91E9D08A000693610 /* tabbar-separeted-storyboard.app */;
			productType = "com.apple.product-type.application";
		};
/* End PBXNativeTarget section */

/* Begin PBXProject section */
		794E4DA11E9D089F00693610 /* Project object */ = {
			isa = PBXProject;
			attributes = {
				LastSwiftUpdateCheck = 0830;
				LastUpgradeCheck = 0830;
				ORGANIZATIONNAME = Pixonsoft;
				TargetAttributes = {
					794E4DA81E9D08A000693610 = {
						CreatedOnToolsVersion = 8.3;
						ProvisioningStyle = Automatic;
					};
				};
			};
			buildConfigurationList = 794E4DA41E9D089F00693610 /* Build configuration list for PBXProject "tabbar-separeted-storyboard" */;
			compatibilityVersion = "Xcode 3.2";
			developmentRegion = English;
			hasScannedForEncodings = 0;
			knownRegions = (
				en,
				Base,
			);
			mainGroup = 794E4DA01E9D089F00693610;
			productRefGroup = 794E4DAA1E9D08A000693610 /* Products */;
			projectDirPath = "";
			projectRoot = "";
			targets = (
				794E4DA81E9D08A000693610 /* tabbar-separeted-storyboard */,
			);
		};
/* End PBXProject section */

/* Begin PBXResourcesBuildPhase section */
		794E4DA71E9D08A000693610 /* Resources */ = {
			isa = PBXResourcesBuildPhase;
			buildActionMask = 2147483647;
			files = (
				794E4DB71E9D08A100693610 /* LaunchScreen.storyboard in Resources */,
				794E4DB41E9D08A100693610 /* Assets.xcassets in Resources */,
				794E4DB21E9D08A100693610 /* Main.storyboard in Resources */,
				794E4DC31E9D0BA800693610 /* Second.storyboard in Resources */,
				794E4DC11E9D0A0400693610 /* First.storyboard in Resources */,
			);
			runOnlyForDeploymentPostprocessing = 0;
		};
/* End PBXResourcesBuildPhase section */

/* Begin PBXSourcesBuildPhase section */
		794E4DA51E9D08A000693610 /* Sources */ = {
			isa = PBXSourcesBuildPhase;
			buildActionMask = 2147483647;
			files = (
				794E4DBF1E9D09A500693610 /* FirstTabViewController.swift in Sources */,
				794E4DAF1E9D08A100693610 /* ViewController.swift in Sources */,
				794E4DC51E9D0BDC00693610 /* SecondTabViewController.swift in Sources */,
				794E4DAD1E9D08A100693610 /* AppDelegate.swift in Sources */,
			);
			runOnlyForDeploymentPostprocessing = 0;
		};
/* End PBXSourcesBuildPhase section */

/* Begin PBXVariantGroup section */
		794E4DB01E9D08A100693610 /* Main.storyboard */ = {
			isa = PBXVariantGroup;
			children = (
				794E4DB11E9D08A100693610 /* Base */,
			);
			name = Main.storyboard;
			sourceTree = "<group>";
		};
		794E4DB51E9D08A100693610 /* LaunchScreen.storyboard */ = {
			isa = PBXVariantGroup;
			children = (
				794E4DB61E9D08A100693610 /* Base */,
			);
			name = LaunchScreen.storyboard;
			sourceTree = "<group>";
		};
/* End PBXVariantGroup section */

/* Begin XCBuildConfiguration section */
		794E4DB91E9D08A100693610 /* Debug */ = {
			isa = XCBuildConfiguration;
			buildSettings = {
				ALWAYS_SEARCH_USER_PATHS = NO;
				CLANG_ANALYZER_NONNULL = YES;
				CLANG_ANALYZER_NUMBER_OBJECT_CONVERSION = YES_AGGRESSIVE;
				CLANG_CXX_LANGUAGE_STANDARD = "gnu++0x";
				CLANG_CXX_LIBRARY = "libc++";
				CLANG_ENABLE_MODULES = YES;
				CLANG_ENABLE_OBJC_ARC = YES;
				CLANG_WARN_BOOL_CONVERSION = YES;
				CLANG_WARN_CONSTANT_CONVERSION = YES;
				CLANG_WARN_DIRECT_OBJC_ISA_USAGE = YES_ERROR;
				CLANG_WARN_DOCUMENTATION_COMMENTS = YES;
				CLANG_WARN_EMPTY_BODY = YES;
				CLANG_WARN_ENUM_CONVERSION = YES;
				CLANG_WARN_INFINITE_RECURSION = YES;
				CLANG_WARN_INT_CONVERSION = YES;
				CLANG_WARN_OBJC_ROOT_CLASS = YES_ERROR;
				CLANG_WARN_SUSPICIOUS_MOVE = YES;
				CLANG_WARN_UNREACHABLE_CODE = YES;
				CLANG_WARN__DUPLICATE_METHOD_MATCH = YES;
				"CODE_SIGN_IDENTITY[sdk=iphoneos*]" = "iPhone Developer";
				COPY_PHASE_STRIP = NO;
				DEBUG_INFORMATION_FORMAT = dwarf;
				ENABLE_STRICT_OBJC_MSGSEND = YES;
				ENABLE_TESTABILITY = YES;
				GCC_C_LANGUAGE_STANDARD = gnu99;
				GCC_DYNAMIC_NO_PIC = NO;
				GCC_NO_COMMON_BLOCKS = YES;
				GCC_OPTIMIZATION_LEVEL = 0;
				GCC_PREPROCESSOR_DEFINITIONS = (
					"DEBUG=1",
					"$(inherited)",
				);
				GCC_WARN_64_TO_32_BIT_CONVERSION = YES;
				GCC_WARN_ABOUT_RETURN_TYPE = YES_ERROR;
				GCC_WARN_UNDECLARED_SELECTOR = YES;
				GCC_WARN_UNINITIALIZED_AUTOS = YES_AGGRESSIVE;
				GCC_WARN_UNUSED_FUNCTION = YES;
				GCC_WARN_UNUSED_VARIABLE = YES;
				IPHONEOS_DEPLOYMENT_TARGET = 10.3;
				MTL_ENABLE_DEBUG_INFO = YES;
				ONLY_ACTIVE_ARCH = YES;
				SDKROOT = iphoneos;
				SWIFT_ACTIVE_COMPILATION_CONDITIONS = DEBUG;
				SWIFT_OPTIMIZATION_LEVEL = "-Onone";
				TARGETED_DEVICE_FAMILY = "1,2";
			};
			name = Debug;
		};
		794E4DBA1E9D08A100693610 /* Release */ = {
			isa = XCBuildConfiguration;
			buildSettings = {
				ALWAYS_SEARCH_USER_PATHS = NO;
				CLANG_ANALYZER_NONNULL = YES;
				CLANG_ANALYZER_NUMBER_OBJECT_CONVERSION = YES_AGGRESSIVE;
				CLANG_CXX_LANGUAGE_STANDARD = "gnu++0x";
				CLANG_CXX_LIBRARY = "libc++";
				CLANG_ENABLE_MODULES = YES;
				CLANG_ENABLE_OBJC_ARC = YES;
				CLANG_WARN_BOOL_CONVERSION = YES;
				CLANG_WARN_CONSTANT_CONVERSION = YES;
				CLANG_WARN_DIRECT_OBJC_ISA_USAGE = YES_ERROR;
				CLANG_WARN_DOCUMENTATION_COMMENTS = YES;
				CLANG_WARN_EMPTY_BODY = YES;
				CLANG_WARN_ENUM_CONVERSION = YES;
				CLANG_WARN_INFINITE_RECURSION = YES;
				CLANG_WARN_INT_CONVERSION = YES;
				CLANG_WARN_OBJC_ROOT_CLASS = YES_ERROR;
				CLANG_WARN_SUSPICIOUS_MOVE = YES;
				CLANG_WARN_UNREACHABLE_CODE = YES;
				CLANG_WARN__DUPLICATE_METHOD_MATCH = YES;
				"CODE_SIGN_IDENTITY[sdk=iphoneos*]" = "iPhone Developer";
				COPY_PHASE_STRIP = NO;
				DEBUG_INFORMATION_FORMAT = "dwarf-with-dsym";
				ENABLE_NS_ASSERTIONS = NO;
				ENABLE_STRICT_OBJC_MSGSEND = YES;
				GCC_C_LANGUAGE_STANDARD = gnu99;
				GCC_NO_COMMON_BLOCKS = YES;
				GCC_WARN_64_TO_32_BIT_CONVERSION = YES;
				GCC_WARN_ABOUT_RETURN_TYPE = YES_ERROR;
				GCC_WARN_UNDECLARED_SELECTOR = YES;
				GCC_WARN_UNINITIALIZED_AUTOS = YES_AGGRESSIVE;
				GCC_WARN_UNUSED_FUNCTION = YES;
				GCC_WARN_UNUSED_VARIABLE = YES;
				IPHONEOS_DEPLOYMENT_TARGET = 10.3;
				MTL_ENABLE_DEBUG_INFO = NO;
				SDKROOT = iphoneos;
				SWIFT_OPTIMIZATION_LEVEL = "-Owholemodule";
				TARGETED_DEVICE_FAMILY = "1,2";
				VALIDATE_PRODUCT = YES;
			};
			name = Release;
		};
		794E4DBC1E9D08A100693610 /* Debug */ = {
			isa = XCBuildConfiguration;
			buildSettings = {
				ASSETCATALOG_COMPILER_APPICON_NAME = AppIcon;
				INFOPLIST_FILE = "tabbar-separeted-storyboard/Info.plist";
				LD_RUNPATH_SEARCH_PATHS = "$(inherited) @executable_path/Frameworks";
				PRODUCT_BUNDLE_IDENTIFIER = "com.hildequias.tabbar-separeted-storyboard";
				PRODUCT_NAME = "$(TARGET_NAME)";
				SWIFT_VERSION = 3.0;
			};
			name = Debug;
		};
		794E4DBD1E9D08A100693610 /* Release */ = {
			isa = XCBuildConfiguration;
			buildSettings = {
				ASSETCATALOG_COMPILER_APPICON_NAME = AppIcon;
				INFOPLIST_FILE = "tabbar-separeted-storyboard/Info.plist";
				LD_RUNPATH_SEARCH_PATHS = "$(inherited) @executable_path/Frameworks";
				PRODUCT_BUNDLE_IDENTIFIER = "com.hildequias.tabbar-separeted-storyboard";
				PRODUCT_NAME = "$(TARGET_NAME)";
				SWIFT_VERSION = 3.0;
			};
			name = Release;
		};
/* End XCBuildConfiguration section */

/* Begin XCConfigurationList section */
		794E4DA41E9D089F00693610 /* Build configuration list for PBXProject "tabbar-separeted-storyboard" */ = {
			isa = XCConfigurationList;
			buildConfigurations = (
				794E4DB91E9D08A100693610 /* Debug */,
				794E4DBA1E9D08A100693610 /* Release */,
			);
			defaultConfigurationIsVisible = 0;
			defaultConfigurationName = Release;
		};
		794E4DBB1E9D08A100693610 /* Build configuration list for PBXNativeTarget "tabbar-separeted-storyboard" */ = {
			isa = XCConfigurationList;
			buildConfigurations = (
				794E4DBC1E9D08A100693610 /* Debug */,
				794E4DBD1E9D08A100693610 /* Release */,
			);
			defaultConfigurationIsVisible = 0;
		};
/* End XCConfigurationList section */
	};
	rootObject = 794E4DA11E9D089F00693610 /* Project object */;
}
